
Microsoft Visual Studio Solution File, Format Version 12.00
# Visual Studio Version 17
VisualStudioVersion = 17.4.33213.308
MinimumVisualStudioVersion = 10.0.40219.1
Project("{FAE04EC0-301F-11D3-BF4B-00C04F79EFBC}") = "PokeRaid2", "PokeRaid2\PokeRaid2.csproj", "{DACCD480-9E01-4FDF-A000-92A704907ABE}"
EndProject
Global
	GlobalSection(SolutionConfigurationPlatforms) = preSolution
		Debug|Any CPU = Debug|Any CPU
		Release|Any CPU = Release|Any CPU
	EndGlobalSection
	GlobalSection(ProjectConfigurationPlatforms) = postSolution
		{DACCD480-9E01-4FDF-A000-92A704907ABE}.Debug|Any CPU.ActiveCfg = Debug|Any CPU
		{DACCD480-9E01-4FDF-A000-92A704907ABE}.Debug|Any CPU.Build.0 = Debug|Any CPU
		{DACCD480-9E01-4FDF-A000-92A704907ABE}.Release|Any CPU.ActiveCfg = Release|Any CPU
		{DACCD480-9E01-4FDF-A000-92A704907ABE}.Release|Any CPU.Build.0 = Release|Any CPU
	EndGlobalSection
	GlobalSection(SolutionProperties) = preSolution
		HideSolutionNode = FALSE
	EndGlobalSection
	GlobalSection(ExtensibilityGlobals) = postSolution
		SolutionGuid = {D3F1CEB3-657A-4ACD-B913-E4732A515D49}
	EndGlobalSection
EndGlobal
